{
  "version": 4,
  "terraform_version": "1.5.6",
  "serial": 3,
  "lineage": "d580cb77-4c38-44ef-3aa8-20f29cd9e585",
  "outputs": {},
  "resources": [
    {
      "mode": "data",
      "type": "external",
      "name": "config_data",
      "provider": "provider[\"registry.terraform.io/hashicorp/external\"]",
      "instances": [
        {
          "schema_version": 0,
          "attributes": {
            "id": "-",
            "program": [
              "python",
              "./../get_config.py"
            ],
            "query": null,
            "result": {
              "aws_access_key": "AKIA4O2ICJQAUJN36NNC",
              "aws_secret_key": "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",
              "github_token": "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"
            },
            "working_dir": null
          },
          "sensitive_attributes": []
        }
      ]
    },
    {
      "mode": "managed",
      "type": "github_repository",
      "name": "example",
      "provider": "provider[\"registry.terraform.io/integrations/github\"]",
      "instances": [
        {
          "schema_version": 1,
          "attributes": {
            "allow_auto_merge": false,
            "allow_merge_commit": false,
            "allow_rebase_merge": false,
            "allow_squash_merge": false,
            "allow_update_branch": false,
            "archive_on_destroy": null,
            "archived": false,
            "auto_init": null,
            "default_branch": "main",
            "delete_branch_on_merge": false,
            "description": "My awesome codebase",
            "etag": "W/\"1cf66aa043e1d7d151ab8d8acecb25c51460b9603c31a7c1407054ecef04fa3a\"",
            "full_name": "West-wise/example",
            "git_clone_url": "git://github.com/West-wise/example.git",
            "gitignore_template": null,
            "has_discussions": false,
            "has_downloads": false,
            "has_issues": false,
            "has_projects": false,
            "has_wiki": false,
            "homepage_url": "",
            "html_url": "https://github.com/West-wise/example",
            "http_clone_url": "https://github.com/West-wise/example.git",
            "id": "example",
            "ignore_vulnerability_alerts_during_read": null,
            "is_template": false,
            "license_template": null,
            "merge_commit_message": "",
            "merge_commit_title": "",
            "name": "example",
            "node_id": "R_kgDOKRTndw",
            "pages": [],
            "primary_language": "",
            "private": false,
            "repo_id": 689235831,
            "security_and_analysis": [
              {
                "advanced_security": [],
                "secret_scanning": [
                  {
                    "status": "disabled"
                  }
                ],
                "secret_scanning_push_protection": [
                  {
                    "status": "disabled"
                  }
                ]
              }
            ],
            "squash_merge_commit_message": "",
            "squash_merge_commit_title": "",
            "ssh_clone_url": "git@github.com:West-wise/example.git",
            "svn_url": "https://github.com/West-wise/example",
            "template": [],
            "topics": null,
            "visibility": "public",
            "vulnerability_alerts": true
          },
          "sensitive_attributes": [],
          "private": "eyJzY2hlbWFfdmVyc2lvbiI6IjEifQ==",
          "dependencies": [
            "data.external.config_data"
          ]
        }
      ]
    }
  ],
  "check_results": null
}
